// !$*UTF8*$!
{
	archiveVersion = 1;
	classes = {
	};
	objectVersion = 56;
	objects = {

/* Begin PBXBuildFile section */
		FA391D8A29D73636005EBA6F /* mostrarFilas.swift in Sources */ = {isa = PBXBuildFile; fileRef = FA391D8929D73636005EBA6F /* mostrarFilas.swift */; };
		FA59A0C929D4E508007C1619 /* desistencia.swift in Sources */ = {isa = PBXBuildFile; fileRef = FA59A0C829D4E508007C1619 /* desistencia.swift */; };
		FA98345B29D4DFBA00B81C89 /* cadastro.swift in Sources */ = {isa = PBXBuildFile; fileRef = FA98345929D4DFBA00B81C89 /* cadastro.swift */; };
		FA98345C29D4DFBA00B81C89 /* atendimento.swift in Sources */ = {isa = PBXBuildFile; fileRef = FA98345A29D4DFBA00B81C89 /* atendimento.swift */; };
		FA98345D29D4DFBA00B81C89 /* Paciente.swift in Sources */ = {isa = PBXBuildFile; fileRef = FA98345829D4DFBA00B81C89 /* Paciente.swift */; };
		FAA916D129D3C77F00858279 /* main.swift in Sources */ = {isa = PBXBuildFile; fileRef = FAA916D029D3C77F00858279 /* main.swift */; };
/* End PBXBuildFile section */

/* Begin PBXCopyFilesBuildPhase section */
		FAA916CB29D3C77E00858279 /* CopyFiles */ = {
			isa = PBXCopyFilesBuildPhase;
			buildActionMask = 2147483647;
			dstPath = /usr/share/man/man1/;
			dstSubfolderSpec = 0;
			files = (
			);
			runOnlyForDeploymentPostprocessing = 1;
		};
/* End PBXCopyFilesBuildPhase section */

/* Begin PBXFileReference section */
		FA391D8929D73636005EBA6F /* mostrarFilas.swift */ = {isa = PBXFileReference; lastKnownFileType = sourcecode.swift; path = mostrarFilas.swift; sourceTree = "<group>"; };
		FA59A0C829D4E508007C1619 /* desistencia.swift */ = {isa = PBXFileReference; lastKnownFileType = sourcecode.swift; path = desistencia.swift; sourceTree = "<group>"; };
		FA98345129D4DF0700B81C89 /* Functions.instrdst */ = {isa = PBXFileReference; explicitFileType = com.apple.instruments.instrdst; includeInIndex = 0; path = Functions.instrdst; sourceTree = BUILT_PRODUCTS_DIR; };
		FA98345829D4DFBA00B81C89 /* Paciente.swift */ = {isa = PBXFileReference; lastKnownFileType = sourcecode.swift; path = Paciente.swift; sourceTree = "<group>"; };
		FA98345929D4DFBA00B81C89 /* cadastro.swift */ = {isa = PBXFileReference; lastKnownFileType = sourcecode.swift; path = cadastro.swift; sourceTree = "<group>"; };
		FA98345A29D4DFBA00B81C89 /* atendimento.swift */ = {isa = PBXFileReference; lastKnownFileType = sourcecode.swift; path = atendimento.swift; sourceTree = "<group>"; };
		FAA916CD29D3C77F00858279 /* filaHospital */ = {isa = PBXFileReference; explicitFileType = "compiled.mach-o.executable"; includeInIndex = 0; path = filaHospital; sourceTree = BUILT_PRODUCTS_DIR; };
		FAA916D029D3C77F00858279 /* main.swift */ = {isa = PBXFileReference; lastKnownFileType = sourcecode.swift; path = main.swift; sourceTree = "<group>"; };
/* End PBXFileReference section */

/* Begin PBXFrameworksBuildPhase section */
		FAA916CA29D3C77E00858279 /* Frameworks */ = {
			isa = PBXFrameworksBuildPhase;
			buildActionMask = 2147483647;
			files = (
			);
			runOnlyForDeploymentPostprocessing = 0;
		};
/* End PBXFrameworksBuildPhase section */

/* Begin PBXGroup section */
		FAA916C429D3C77E00858279 = {
			isa = PBXGroup;
			children = (
				FAA916CF29D3C77F00858279 /* filaHospital */,
				FAA916CE29D3C77F00858279 /* Products */,
			);
			sourceTree = "<group>";
		};
		FAA916CE29D3C77F00858279 /* Products */ = {
			isa = PBXGroup;
			children = (
				FAA916CD29D3C77F00858279 /* filaHospital */,
				FA98345129D4DF0700B81C89 /* Functions.instrdst */,
			);
			name = Products;
			sourceTree = "<group>";
		};
		FAA916CF29D3C77F00858279 /* filaHospital */ = {
			isa = PBXGroup;
			children = (
				FAA916D029D3C77F00858279 /* main.swift */,
				FA98345A29D4DFBA00B81C89 /* atendimento.swift */,
				FA98345929D4DFBA00B81C89 /* cadastro.swift */,
				FA98345829D4DFBA00B81C89 /* Paciente.swift */,
				FA59A0C829D4E508007C1619 /* desistencia.swift */,
				FA391D8929D73636005EBA6F /* mostrarFilas.swift */,
			);
			path = filaHospital;
			sourceTree = "<group>";
		};
/* End PBXGroup section */

/* Begin PBXNativeTarget section */
		FA98345029D4DF0700B81C89 /* Functions */ = {
			isa = PBXNativeTarget;
			buildConfigurationList = FA98345529D4DF0700B81C89 /* Build configuration list for PBXNativeTarget "Functions" */;
			buildPhases = (
				FA98344F29D4DF0700B81C89 /* Sources */,
			);
			buildRules = (
			);
			dependencies = (
			);
			name = Functions;
			productName = Functions;
			productReference = FA98345129D4DF0700B81C89 /* Functions.instrdst */;
			productType = "com.apple.product-type.instruments-package";
		};
		FAA916CC29D3C77E00858279 /* filaHospital */ = {
			isa = PBXNativeTarget;
			buildConfigurationList = FAA916D429D3C77F00858279 /* Build configuration list for PBXNativeTarget "filaHospital" */;
			buildPhases = (
				FAA916C929D3C77E00858279 /* Sources */,
				FAA916CA29D3C77E00858279 /* Frameworks */,
				FAA916CB29D3C77E00858279 /* CopyFiles */,
			);
			buildRules = (
			);
			dependencies = (
			);
			name = filaHospital;
			productName = filaHospital;
			productReference = FAA916CD29D3C77F00858279 /* filaHospital */;
			productType = "com.apple.product-type.tool";
		};
/* End PBXNativeTarget section */

/* Begin PBXProject section */
		FAA916C529D3C77E00858279 /* Project object */ = {
			isa = PBXProject;
			attributes = {
				BuildIndependentTargetsInParallel = 1;
				LastSwiftUpdateCheck = 1420;
				LastUpgradeCheck = 1420;
				TargetAttributes = {
					FA98345029D4DF0700B81C89 = {
						CreatedOnToolsVersion = 14.2;
					};
					FAA916CC29D3C77E00858279 = {
						CreatedOnToolsVersion = 14.2;
					};
				};
			};
			buildConfigurationList = FAA916C829D3C77E00858279 /* Build configuration list for PBXProject "filaHospital" */;
			compatibilityVersion = "Xcode 14.0";
			developmentRegion = en;
			hasScannedForEncodings = 0;
			knownRegions = (
				en,
				Base,
			);
			mainGroup = FAA916C429D3C77E00858279;
			productRefGroup = FAA916CE29D3C77F00858279 /* Products */;
			projectDirPath = "";
			projectRoot = "";
			targets = (
				FAA916CC29D3C77E00858279 /* filaHospital */,
				FA98345029D4DF0700B81C89 /* Functions */,
			);
		};
/* End PBXProject section */

/* Begin PBXSourcesBuildPhase section */
		FA98344F29D4DF0700B81C89 /* Sources */ = {
			isa = PBXSourcesBuildPhase;
			buildActionMask = 2147483647;
			files = (
			);
			runOnlyForDeploymentPostprocessing = 0;
		};
		FAA916C929D3C77E00858279 /* Sources */ = {
			isa = PBXSourcesBuildPhase;
			buildActionMask = 2147483647;
			files = (
				FA98345B29D4DFBA00B81C89 /* cadastro.swift in Sources */,
				FAA916D129D3C77F00858279 /* main.swift in Sources */,
				FA59A0C929D4E508007C1619 /* desistencia.swift in Sources */,
				FA98345D29D4DFBA00B81C89 /* Paciente.swift in Sources */,
				FA391D8A29D73636005EBA6F /* mostrarFilas.swift in Sources */,
				FA98345C29D4DFBA00B81C89 /* atendimento.swift in Sources */,
			);
			runOnlyForDeploymentPostprocessing = 0;
		};
/* End PBXSourcesBuildPhase section */

/* Begin XCBuildConfiguration section */
		FA98345629D4DF0700B81C89 /* Debug */ = {
			isa = XCBuildConfiguration;
			buildSettings = {
				ALWAYS_SEARCH_USER_PATHS = NO;
				CODE_SIGN_STYLE = Automatic;
				DEVELOPMENT_TEAM = 9592S847AD;
				INSTALL_PATH = "$(LOCAL_LIBRARY_DIR)/Instruments/Packages";
				PRODUCT_NAME = "$(TARGET_NAME)";
				VERSIONING_SYSTEM = "";
			};
			name = Debug;
		};
		FA98345729D4DF0700B81C89 /* Release */ = {
			isa = XCBuildConfiguration;
			buildSettings = {
				ALWAYS_SEARCH_USER_PATHS = NO;
				CODE_SIGN_STYLE = Automatic;
				DEVELOPMENT_TEAM = 9592S847AD;
				INSTALL_PATH = "$(LOCAL_LIBRARY_DIR)/Instruments/Packages";
				PRODUCT_NAME = "$(TARGET_NAME)";
				VERSIONING_SYSTEM = "";
			};
			name = Release;
		};
		FAA916D229D3C77F00858279 /* Debug */ = {
			isa = XCBuildConfiguration;
			buildSettings = {
				ALWAYS_SEARCH_USER_PATHS = NO;
				CLANG_ANALYZER_NONNULL = YES;
				CLANG_ANALYZER_NUMBER_OBJECT_CONVERSION = YES_AGGRESSIVE;
				CLANG_CXX_LANGUAGE_STANDARD = "gnu++20";
				CLANG_ENABLE_MODULES = YES;
				CLANG_ENABLE_OBJC_ARC = YES;
				CLANG_ENABLE_OBJC_WEAK = YES;
				CLANG_WARN_BLOCK_CAPTURE_AUTORELEASING = YES;
				CLANG_WARN_BOOL_CONVERSION = YES;
				CLANG_WARN_COMMA = YES;
				CLANG_WARN_CONSTANT_CONVERSION = YES;
				CLANG_WARN_DEPRECATED_OBJC_IMPLEMENTATIONS = YES;
				CLANG_WARN_DIRECT_OBJC_ISA_USAGE = YES_ERROR;
				CLANG_WARN_DOCUMENTATION_COMMENTS = YES;
				CLANG_WARN_EMPTY_BODY = YES;
				CLANG_WARN_ENUM_CONVERSION = YES;
				CLANG_WARN_INFINITE_RECURSION = YES;
				CLANG_WARN_INT_CONVERSION = YES;
				CLANG_WARN_NON_LITERAL_NULL_CONVERSION = YES;
				CLANG_WARN_OBJC_IMPLICIT_RETAIN_SELF = YES;
				CLANG_WARN_OBJC_LITERAL_CONVERSION = YES;
				CLANG_WARN_OBJC_ROOT_CLASS = YES_ERROR;
				CLANG_WARN_QUOTED_INCLUDE_IN_FRAMEWORK_HEADER = YES;
				CLANG_WARN_RANGE_LOOP_ANALYSIS = YES;
				CLANG_WARN_STRICT_PROTOTYPES = YES;
				CLANG_WARN_SUSPICIOUS_MOVE = YES;
				CLANG_WARN_UNGUARDED_AVAILABILITY = YES_AGGRESSIVE;
				CLANG_WARN_UNREACHABLE_CODE = YES;
				CLANG_WARN__DUPLICATE_METHOD_MATCH = YES;
				COPY_PHASE_STRIP = NO;
				DEBUG_INFORMATION_FORMAT = dwarf;
				ENABLE_STRICT_OBJC_MSGSEND = YES;
				ENABLE_TESTABILITY = YES;
				GCC_C_LANGUAGE_STANDARD = gnu11;
				GCC_DYNAMIC_NO_PIC = NO;
				GCC_NO_COMMON_BLOCKS = YES;
				GCC_OPTIMIZATION_LEVEL = 0;
				GCC_PREPROCESSOR_DEFINITIONS = (
					"DEBUG=1",
					"$(inherited)",
				);
				GCC_WARN_64_TO_32_BIT_CONVERSION = YES;
				GCC_WARN_ABOUT_RETURN_TYPE = YES_ERROR;
				GCC_WARN_UNDECLARED_SELECTOR = YES;
				GCC_WARN_UNINITIALIZED_AUTOS = YES_AGGRESSIVE;
				GCC_WARN_UNUSED_FUNCTION = YES;
				GCC_WARN_UNUSED_VARIABLE = YES;
				MACOSX_DEPLOYMENT_TARGET = 12.6;
				MTL_ENABLE_DEBUG_INFO = INCLUDE_SOURCE;
				MTL_FAST_MATH = YES;
				ONLY_ACTIVE_ARCH = YES;
				SDKROOT = macosx;
				SWIFT_ACTIVE_COMPILATION_CONDITIONS = DEBUG;
				SWIFT_OPTIMIZATION_LEVEL = "-Onone";
			};
			name = Debug;
		};
		FAA916D329D3C77F00858279 /* Release */ = {
			isa = XCBuildConfiguration;
			buildSettings = {
				ALWAYS_SEARCH_USER_PATHS = NO;
				CLANG_ANALYZER_NONNULL = YES;
				CLANG_ANALYZER_NUMBER_OBJECT_CONVERSION = YES_AGGRESSIVE;
				CLANG_CXX_LANGUAGE_STANDARD = "gnu++20";
				CLANG_ENABLE_MODULES = YES;
				CLANG_ENABLE_OBJC_ARC = YES;
				CLANG_ENABLE_OBJC_WEAK = YES;
				CLANG_WARN_BLOCK_CAPTURE_AUTORELEASING = YES;
				CLANG_WARN_BOOL_CONVERSION = YES;
				CLANG_WARN_COMMA = YES;
				CLANG_WARN_CONSTANT_CONVERSION = YES;
				CLANG_WARN_DEPRECATED_OBJC_IMPLEMENTATIONS = YES;
				CLANG_WARN_DIRECT_OBJC_ISA_USAGE = YES_ERROR;
				CLANG_WARN_DOCUMENTATION_COMMENTS = YES;
				CLANG_WARN_EMPTY_BODY = YES;
				CLANG_WARN_ENUM_CONVERSION = YES;
				CLANG_WARN_INFINITE_RECURSION = YES;
				CLANG_WARN_INT_CONVERSION = YES;
				CLANG_WARN_NON_LITERAL_NULL_CONVERSION = YES;
				CLANG_WARN_OBJC_IMPLICIT_RETAIN_SELF = YES;
				CLANG_WARN_OBJC_LITERAL_CONVERSION = YES;
				CLANG_WARN_OBJC_ROOT_CLASS = YES_ERROR;
				CLANG_WARN_QUOTED_INCLUDE_IN_FRAMEWORK_HEADER = YES;
				CLANG_WARN_RANGE_LOOP_ANALYSIS = YES;
				CLANG_WARN_STRICT_PROTOTYPES = YES;
				CLANG_WARN_SUSPICIOUS_MOVE = YES;
				CLANG_WARN_UNGUARDED_AVAILABILITY = YES_AGGRESSIVE;
				CLANG_WARN_UNREACHABLE_CODE = YES;
				CLANG_WARN__DUPLICATE_METHOD_MATCH = YES;
				COPY_PHASE_STRIP = NO;
				DEBUG_INFORMATION_FORMAT = "dwarf-with-dsym";
				ENABLE_NS_ASSERTIONS = NO;
				ENABLE_STRICT_OBJC_MSGSEND = YES;
				GCC_C_LANGUAGE_STANDARD = gnu11;
				GCC_NO_COMMON_BLOCKS = YES;
				GCC_WARN_64_TO_32_BIT_CONVERSION = YES;
				GCC_WARN_ABOUT_RETURN_TYPE = YES_ERROR;
				GCC_WARN_UNDECLARED_SELECTOR = YES;
				GCC_WARN_UNINITIALIZED_AUTOS = YES_AGGRESSIVE;
				GCC_WARN_UNUSED_FUNCTION = YES;
				GCC_WARN_UNUSED_VARIABLE = YES;
				MACOSX_DEPLOYMENT_TARGET = 12.6;
				MTL_ENABLE_DEBUG_INFO = NO;
				MTL_FAST_MATH = YES;
				SDKROOT = macosx;
				SWIFT_COMPILATION_MODE = wholemodule;
				SWIFT_OPTIMIZATION_LEVEL = "-O";
			};
			name = Release;
		};
		FAA916D529D3C77F00858279 /* Debug */ = {
			isa = XCBuildConfiguration;
			buildSettings = {
				CODE_SIGN_STYLE = Automatic;
				DEVELOPMENT_TEAM = 9592S847AD;
				ENABLE_HARDENED_RUNTIME = YES;
				PRODUCT_NAME = "$(TARGET_NAME)";
				SWIFT_VERSION = 5.0;
			};
			name = Debug;
		};
		FAA916D629D3C77F00858279 /* Release */ = {
			isa = XCBuildConfiguration;
			buildSettings = {
				CODE_SIGN_STYLE = Automatic;
				DEVELOPMENT_TEAM = 9592S847AD;
				ENABLE_HARDENED_RUNTIME = YES;
				PRODUCT_NAME = "$(TARGET_NAME)";
				SWIFT_VERSION = 5.0;
			};
			name = Release;
		};
/* End XCBuildConfiguration section */

/* Begin XCConfigurationList section */
		FA98345529D4DF0700B81C89 /* Build configuration list for PBXNativeTarget "Functions" */ = {
			isa = XCConfigurationList;
			buildConfigurations = (
				FA98345629D4DF0700B81C89 /* Debug */,
				FA98345729D4DF0700B81C89 /* Release */,
			);
			defaultConfigurationIsVisible = 0;
			defaultConfigurationName = Release;
		};
		FAA916C829D3C77E00858279 /* Build configuration list for PBXProject "filaHospital" */ = {
			isa = XCConfigurationList;
			buildConfigurations = (
				FAA916D229D3C77F00858279 /* Debug */,
				FAA916D329D3C77F00858279 /* Release */,
			);
			defaultConfigurationIsVisible = 0;
			defaultConfigurationName = Release;
		};
		FAA916D429D3C77F00858279 /* Build configuration list for PBXNativeTarget "filaHospital" */ = {
			isa = XCConfigurationList;
			buildConfigurations = (
				FAA916D529D3C77F00858279 /* Debug */,
				FAA916D629D3C77F00858279 /* Release */,
			);
			defaultConfigurationIsVisible = 0;
			defaultConfigurationName = Release;
		};
/* End XCConfigurationList section */
	};
	rootObject = FAA916C529D3C77E00858279 /* Project object */;
}
